Microsoft Visual Studio Solution File, Format Version 11.00
# Visual Studio 2008

Project("{DFC56812-9D8E-D128-7D4D-509A72CC7E61}") = "CC2.0_Parse", "Assembly-CSharp-firstpass-vs.csproj", "{4A090DFF-708A-FC2F-8D44-BD5F083B6137}"
EndProject
Project("{DFC56812-9D8E-D128-7D4D-509A72CC7E61}") = "CC2.0_Parse", "Assembly-CSharp-vs.csproj", "{B5A6AA64-28D5-BFCC-0F9E-60D6819BB7C1}"
EndProject
Global
	GlobalSection(SolutionConfigurationPlatforms) = preSolution
		Debug|Any CPU = Debug|Any CPU
		Release|Any CPU = Release|Any CPU
	EndGlobalSection
	GlobalSection(ProjectConfigurationPlatforms) = postSolution
		{4A090DFF-708A-FC2F-8D44-BD5F083B6137}.Debug|Any CPU.ActiveCfg = Debug|Any CPU
		{4A090DFF-708A-FC2F-8D44-BD5F083B6137}.Debug|Any CPU.Build.0 = Debug|Any CPU
		{4A090DFF-708A-FC2F-8D44-BD5F083B6137}.Release|Any CPU.ActiveCfg = Release|Any CPU
		{4A090DFF-708A-FC2F-8D44-BD5F083B6137}.Release|Any CPU.Build.0 = Release|Any CPU
		{B5A6AA64-28D5-BFCC-0F9E-60D6819BB7C1}.Debug|Any CPU.ActiveCfg = Debug|Any CPU
		{B5A6AA64-28D5-BFCC-0F9E-60D6819BB7C1}.Debug|Any CPU.Build.0 = Debug|Any CPU
		{B5A6AA64-28D5-BFCC-0F9E-60D6819BB7C1}.Release|Any CPU.ActiveCfg = Release|Any CPU
		{B5A6AA64-28D5-BFCC-0F9E-60D6819BB7C1}.Release|Any CPU.Build.0 = Release|Any CPU
	EndGlobalSection
	GlobalSection(SolutionProperties) = preSolution
		HideSolutionNode = FALSE
	EndGlobalSection
																																																																																																																																																																											GlobalSection(MonoDevelopProperties) = preSolution
		StartupItem = Assembly-CSharp.csproj
		Policies = $0
		$0.TextStylePolicy = $1
		$1.inheritsSet = null
		$1.scope = text/x-csharp
		$0.CSharpFormattingPolicy = $2
		$2.inheritsSet = Mono
		$2.inheritsScope = text/x-csharp
		$2.scope = text/x-csharp
		$0.TextStylePolicy = $3
		$3.FileWidth = 120
		$3.TabWidth = 4
		$3.IndentWidth = 4
		$3.EolMarker = Unix
		$3.inheritsSet = Mono
		$3.inheritsScope = text/plain
		$3.scope = text/plain
	EndGlobalSection

EndGlobal
